
Microsoft Visual Studio Solution File, Format Version 12.00
# Visual Studio 14
VisualStudioVersion = 14.0.25123.0
MinimumVisualStudioVersion = 10.0.40219.1
Project("{FAE04EC0-301F-11D3-BF4B-00C04F79EFBC}") = "Financiera.Dominio", "Financiera.Dominio\Financiera.Dominio.csproj", "{3B5CAD08-ED2D-4612-B6F8-4F579B5825A7}"
EndProject
Project("{F088123C-0E9E-452A-89E6-6BA2F21D5CAC}") = "Financiera.Modelo", "Financiera.Modelo\Financiera.Modelo.modelproj", "{E1F7F2E2-F239-455E-9387-BE74F621D08D}"
EndProject
Project("{FAE04EC0-301F-11D3-BF4B-00C04F79EFBC}") = "Financiera.Infraestructura.Datos", "Financiera.Infraestructura.Datos\Financiera.Infraestructura.Datos.csproj", "{B75E83A0-B7A7-47A8-B0E9-45495ECA9176}"
EndProject
Project("{FAE04EC0-301F-11D3-BF4B-00C04F79EFBC}") = "Financiera.Distribucion.API", "Financiera.Distribucion.API\Financiera.Distribucion.API.csproj", "{99203684-3298-4550-8682-3C3A935123AD}"
EndProject
Global
	GlobalSection(SolutionConfigurationPlatforms) = preSolution
		Debug|Any CPU = Debug|Any CPU
		Debug|ARM = Debug|ARM
		Debug|x64 = Debug|x64
		Debug|x86 = Debug|x86
		Release|Any CPU = Release|Any CPU
		Release|ARM = Release|ARM
		Release|x64 = Release|x64
		Release|x86 = Release|x86
	EndGlobalSection
	GlobalSection(ProjectConfigurationPlatforms) = postSolution
		{3B5CAD08-ED2D-4612-B6F8-4F579B5825A7}.Debug|Any CPU.ActiveCfg = Debug|Any CPU
		{3B5CAD08-ED2D-4612-B6F8-4F579B5825A7}.Debug|Any CPU.Build.0 = Debug|Any CPU
		{3B5CAD08-ED2D-4612-B6F8-4F579B5825A7}.Debug|ARM.ActiveCfg = Debug|Any CPU
		{3B5CAD08-ED2D-4612-B6F8-4F579B5825A7}.Debug|ARM.Build.0 = Debug|Any CPU
		{3B5CAD08-ED2D-4612-B6F8-4F579B5825A7}.Debug|x64.ActiveCfg = Debug|Any CPU
		{3B5CAD08-ED2D-4612-B6F8-4F579B5825A7}.Debug|x64.Build.0 = Debug|Any CPU
		{3B5CAD08-ED2D-4612-B6F8-4F579B5825A7}.Debug|x86.ActiveCfg = Debug|Any CPU
		{3B5CAD08-ED2D-4612-B6F8-4F579B5825A7}.Debug|x86.Build.0 = Debug|Any CPU
		{3B5CAD08-ED2D-4612-B6F8-4F579B5825A7}.Release|Any CPU.ActiveCfg = Release|Any CPU
		{3B5CAD08-ED2D-4612-B6F8-4F579B5825A7}.Release|Any CPU.Build.0 = Release|Any CPU
		{3B5CAD08-ED2D-4612-B6F8-4F579B5825A7}.Release|ARM.ActiveCfg = Release|Any CPU
		{3B5CAD08-ED2D-4612-B6F8-4F579B5825A7}.Release|ARM.Build.0 = Release|Any CPU
		{3B5CAD08-ED2D-4612-B6F8-4F579B5825A7}.Release|x64.ActiveCfg = Release|Any CPU
		{3B5CAD08-ED2D-4612-B6F8-4F579B5825A7}.Release|x64.Build.0 = Release|Any CPU
		{3B5CAD08-ED2D-4612-B6F8-4F579B5825A7}.Release|x86.ActiveCfg = Release|Any CPU
		{3B5CAD08-ED2D-4612-B6F8-4F579B5825A7}.Release|x86.Build.0 = Release|Any CPU
		{E1F7F2E2-F239-455E-9387-BE74F621D08D}.Debug|Any CPU.ActiveCfg = Debug|Any CPU
		{E1F7F2E2-F239-455E-9387-BE74F621D08D}.Debug|Any CPU.Build.0 = Debug|Any CPU
		{E1F7F2E2-F239-455E-9387-BE74F621D08D}.Debug|ARM.ActiveCfg = Debug|Any CPU
		{E1F7F2E2-F239-455E-9387-BE74F621D08D}.Debug|ARM.Build.0 = Debug|Any CPU
		{E1F7F2E2-F239-455E-9387-BE74F621D08D}.Debug|x64.ActiveCfg = Debug|Any CPU
		{E1F7F2E2-F239-455E-9387-BE74F621D08D}.Debug|x64.Build.0 = Debug|Any CPU
		{E1F7F2E2-F239-455E-9387-BE74F621D08D}.Debug|x86.ActiveCfg = Debug|Any CPU
		{E1F7F2E2-F239-455E-9387-BE74F621D08D}.Debug|x86.Build.0 = Debug|Any CPU
		{E1F7F2E2-F239-455E-9387-BE74F621D08D}.Release|Any CPU.ActiveCfg = Release|Any CPU
		{E1F7F2E2-F239-455E-9387-BE74F621D08D}.Release|Any CPU.Build.0 = Release|Any CPU
		{E1F7F2E2-F239-455E-9387-BE74F621D08D}.Release|ARM.ActiveCfg = Release|Any CPU
		{E1F7F2E2-F239-455E-9387-BE74F621D08D}.Release|ARM.Build.0 = Release|Any CPU
		{E1F7F2E2-F239-455E-9387-BE74F621D08D}.Release|x64.ActiveCfg = Release|Any CPU
		{E1F7F2E2-F239-455E-9387-BE74F621D08D}.Release|x64.Build.0 = Release|Any CPU
		{E1F7F2E2-F239-455E-9387-BE74F621D08D}.Release|x86.ActiveCfg = Release|Any CPU
		{E1F7F2E2-F239-455E-9387-BE74F621D08D}.Release|x86.Build.0 = Release|Any CPU
		{B75E83A0-B7A7-47A8-B0E9-45495ECA9176}.Debug|Any CPU.ActiveCfg = Debug|Any CPU
		{B75E83A0-B7A7-47A8-B0E9-45495ECA9176}.Debug|Any CPU.Build.0 = Debug|Any CPU
		{B75E83A0-B7A7-47A8-B0E9-45495ECA9176}.Debug|ARM.ActiveCfg = Debug|Any CPU
		{B75E83A0-B7A7-47A8-B0E9-45495ECA9176}.Debug|ARM.Build.0 = Debug|Any CPU
		{B75E83A0-B7A7-47A8-B0E9-45495ECA9176}.Debug|x64.ActiveCfg = Debug|Any CPU
		{B75E83A0-B7A7-47A8-B0E9-45495ECA9176}.Debug|x64.Build.0 = Debug|Any CPU
		{B75E83A0-B7A7-47A8-B0E9-45495ECA9176}.Debug|x86.ActiveCfg = Debug|Any CPU
		{B75E83A0-B7A7-47A8-B0E9-45495ECA9176}.Debug|x86.Build.0 = Debug|Any CPU
		{B75E83A0-B7A7-47A8-B0E9-45495ECA9176}.Release|Any CPU.ActiveCfg = Release|Any CPU
		{B75E83A0-B7A7-47A8-B0E9-45495ECA9176}.Release|Any CPU.Build.0 = Release|Any CPU
		{B75E83A0-B7A7-47A8-B0E9-45495ECA9176}.Release|ARM.ActiveCfg = Release|Any CPU
		{B75E83A0-B7A7-47A8-B0E9-45495ECA9176}.Release|ARM.Build.0 = Release|Any CPU
		{B75E83A0-B7A7-47A8-B0E9-45495ECA9176}.Release|x64.ActiveCfg = Release|Any CPU
		{B75E83A0-B7A7-47A8-B0E9-45495ECA9176}.Release|x64.Build.0 = Release|Any CPU
		{B75E83A0-B7A7-47A8-B0E9-45495ECA9176}.Release|x86.ActiveCfg = Release|Any CPU
		{B75E83A0-B7A7-47A8-B0E9-45495ECA9176}.Release|x86.Build.0 = Release|Any CPU
		{99203684-3298-4550-8682-3C3A935123AD}.Debug|Any CPU.ActiveCfg = Debug|Any CPU
		{99203684-3298-4550-8682-3C3A935123AD}.Debug|Any CPU.Build.0 = Debug|Any CPU
		{99203684-3298-4550-8682-3C3A935123AD}.Debug|ARM.ActiveCfg = Debug|Any CPU
		{99203684-3298-4550-8682-3C3A935123AD}.Debug|ARM.Build.0 = Debug|Any CPU
		{99203684-3298-4550-8682-3C3A935123AD}.Debug|x64.ActiveCfg = Debug|Any CPU
		{99203684-3298-4550-8682-3C3A935123AD}.Debug|x64.Build.0 = Debug|Any CPU
		{99203684-3298-4550-8682-3C3A935123AD}.Debug|x86.ActiveCfg = Debug|Any CPU
		{99203684-3298-4550-8682-3C3A935123AD}.Debug|x86.Build.0 = Debug|Any CPU
		{99203684-3298-4550-8682-3C3A935123AD}.Release|Any CPU.ActiveCfg = Release|Any CPU
		{99203684-3298-4550-8682-3C3A935123AD}.Release|Any CPU.Build.0 = Release|Any CPU
		{99203684-3298-4550-8682-3C3A935123AD}.Release|ARM.ActiveCfg = Release|Any CPU
		{99203684-3298-4550-8682-3C3A935123AD}.Release|ARM.Build.0 = Release|Any CPU
		{99203684-3298-4550-8682-3C3A935123AD}.Release|x64.ActiveCfg = Release|Any CPU
		{99203684-3298-4550-8682-3C3A935123AD}.Release|x64.Build.0 = Release|Any CPU
		{99203684-3298-4550-8682-3C3A935123AD}.Release|x86.ActiveCfg = Release|Any CPU
		{99203684-3298-4550-8682-3C3A935123AD}.Release|x86.Build.0 = Release|Any CPU
	EndGlobalSection
	GlobalSection(SolutionProperties) = preSolution
		HideSolutionNode = FALSE
	EndGlobalSection
EndGlobal
